
Microsoft Visual Studio Solution File, Format Version 12.00
# Visual Studio 15
VisualStudioVersion = 15.0.26124.0
MinimumVisualStudioVersion = 15.0.26124.0
Project("{FAE04EC0-301F-11D3-BF4B-00C04F79EFBC}") = "Domain", "Domain\Domain.csproj", "{240117EB-5421-4D8C-A995-2F99B6E9834B}"
EndProject
Project("{FAE04EC0-301F-11D3-BF4B-00C04F79EFBC}") = "Application", "Application\Application.csproj", "{40D81806-89C3-4C1B-BC7E-6ABF8AAEA852}"
EndProject
Project("{FAE04EC0-301F-11D3-BF4B-00C04F79EFBC}") = "Persistence", "Persistence\Persistence.csproj", "{862715E7-4156-4EF7-9FD9-AF1738DD8E14}"
EndProject
Project("{FAE04EC0-301F-11D3-BF4B-00C04F79EFBC}") = "API", "API\API.csproj", "{0D61BC05-A8E3-474F-9A67-E66305F97F92}"
EndProject
Global
	GlobalSection(SolutionConfigurationPlatforms) = preSolution
		Debug|Any CPU = Debug|Any CPU
		Debug|x64 = Debug|x64
		Debug|x86 = Debug|x86
		Release|Any CPU = Release|Any CPU
		Release|x64 = Release|x64
		Release|x86 = Release|x86
	EndGlobalSection
	GlobalSection(SolutionProperties) = preSolution
		HideSolutionNode = FALSE
	EndGlobalSection
	GlobalSection(ProjectConfigurationPlatforms) = postSolution
		{240117EB-5421-4D8C-A995-2F99B6E9834B}.Debug|Any CPU.ActiveCfg = Debug|Any CPU
		{240117EB-5421-4D8C-A995-2F99B6E9834B}.Debug|Any CPU.Build.0 = Debug|Any CPU
		{240117EB-5421-4D8C-A995-2F99B6E9834B}.Debug|x64.ActiveCfg = Debug|Any CPU
		{240117EB-5421-4D8C-A995-2F99B6E9834B}.Debug|x64.Build.0 = Debug|Any CPU
		{240117EB-5421-4D8C-A995-2F99B6E9834B}.Debug|x86.ActiveCfg = Debug|Any CPU
		{240117EB-5421-4D8C-A995-2F99B6E9834B}.Debug|x86.Build.0 = Debug|Any CPU
		{240117EB-5421-4D8C-A995-2F99B6E9834B}.Release|Any CPU.ActiveCfg = Release|Any CPU
		{240117EB-5421-4D8C-A995-2F99B6E9834B}.Release|Any CPU.Build.0 = Release|Any CPU
		{240117EB-5421-4D8C-A995-2F99B6E9834B}.Release|x64.ActiveCfg = Release|Any CPU
		{240117EB-5421-4D8C-A995-2F99B6E9834B}.Release|x64.Build.0 = Release|Any CPU
		{240117EB-5421-4D8C-A995-2F99B6E9834B}.Release|x86.ActiveCfg = Release|Any CPU
		{240117EB-5421-4D8C-A995-2F99B6E9834B}.Release|x86.Build.0 = Release|Any CPU
		{40D81806-89C3-4C1B-BC7E-6ABF8AAEA852}.Debug|Any CPU.ActiveCfg = Debug|Any CPU
		{40D81806-89C3-4C1B-BC7E-6ABF8AAEA852}.Debug|Any CPU.Build.0 = Debug|Any CPU
		{40D81806-89C3-4C1B-BC7E-6ABF8AAEA852}.Debug|x64.ActiveCfg = Debug|Any CPU
		{40D81806-89C3-4C1B-BC7E-6ABF8AAEA852}.Debug|x64.Build.0 = Debug|Any CPU
		{40D81806-89C3-4C1B-BC7E-6ABF8AAEA852}.Debug|x86.ActiveCfg = Debug|Any CPU
		{40D81806-89C3-4C1B-BC7E-6ABF8AAEA852}.Debug|x86.Build.0 = Debug|Any CPU
		{40D81806-89C3-4C1B-BC7E-6ABF8AAEA852}.Release|Any CPU.ActiveCfg = Release|Any CPU
		{40D81806-89C3-4C1B-BC7E-6ABF8AAEA852}.Release|Any CPU.Build.0 = Release|Any CPU
		{40D81806-89C3-4C1B-BC7E-6ABF8AAEA852}.Release|x64.ActiveCfg = Release|Any CPU
		{40D81806-89C3-4C1B-BC7E-6ABF8AAEA852}.Release|x64.Build.0 = Release|Any CPU
		{40D81806-89C3-4C1B-BC7E-6ABF8AAEA852}.Release|x86.ActiveCfg = Release|Any CPU
		{40D81806-89C3-4C1B-BC7E-6ABF8AAEA852}.Release|x86.Build.0 = Release|Any CPU
		{862715E7-4156-4EF7-9FD9-AF1738DD8E14}.Debug|Any CPU.ActiveCfg = Debug|Any CPU
		{862715E7-4156-4EF7-9FD9-AF1738DD8E14}.Debug|Any CPU.Build.0 = Debug|Any CPU
		{862715E7-4156-4EF7-9FD9-AF1738DD8E14}.Debug|x64.ActiveCfg = Debug|Any CPU
		{862715E7-4156-4EF7-9FD9-AF1738DD8E14}.Debug|x64.Build.0 = Debug|Any CPU
		{862715E7-4156-4EF7-9FD9-AF1738DD8E14}.Debug|x86.ActiveCfg = Debug|Any CPU
		{862715E7-4156-4EF7-9FD9-AF1738DD8E14}.Debug|x86.Build.0 = Debug|Any CPU
		{862715E7-4156-4EF7-9FD9-AF1738DD8E14}.Release|Any CPU.ActiveCfg = Release|Any CPU
		{862715E7-4156-4EF7-9FD9-AF1738DD8E14}.Release|Any CPU.Build.0 = Release|Any CPU
		{862715E7-4156-4EF7-9FD9-AF1738DD8E14}.Release|x64.ActiveCfg = Release|Any CPU
		{862715E7-4156-4EF7-9FD9-AF1738DD8E14}.Release|x64.Build.0 = Release|Any CPU
		{862715E7-4156-4EF7-9FD9-AF1738DD8E14}.Release|x86.ActiveCfg = Release|Any CPU
		{862715E7-4156-4EF7-9FD9-AF1738DD8E14}.Release|x86.Build.0 = Release|Any CPU
		{0D61BC05-A8E3-474F-9A67-E66305F97F92}.Debug|Any CPU.ActiveCfg = Debug|Any CPU
		{0D61BC05-A8E3-474F-9A67-E66305F97F92}.Debug|Any CPU.Build.0 = Debug|Any CPU
		{0D61BC05-A8E3-474F-9A67-E66305F97F92}.Debug|x64.ActiveCfg = Debug|Any CPU
		{0D61BC05-A8E3-474F-9A67-E66305F97F92}.Debug|x64.Build.0 = Debug|Any CPU
		{0D61BC05-A8E3-474F-9A67-E66305F97F92}.Debug|x86.ActiveCfg = Debug|Any CPU
		{0D61BC05-A8E3-474F-9A67-E66305F97F92}.Debug|x86.Build.0 = Debug|Any CPU
		{0D61BC05-A8E3-474F-9A67-E66305F97F92}.Release|Any CPU.ActiveCfg = Release|Any CPU
		{0D61BC05-A8E3-474F-9A67-E66305F97F92}.Release|Any CPU.Build.0 = Release|Any CPU
		{0D61BC05-A8E3-474F-9A67-E66305F97F92}.Release|x64.ActiveCfg = Release|Any CPU
		{0D61BC05-A8E3-474F-9A67-E66305F97F92}.Release|x64.Build.0 = Release|Any CPU
		{0D61BC05-A8E3-474F-9A67-E66305F97F92}.Release|x86.ActiveCfg = Release|Any CPU
		{0D61BC05-A8E3-474F-9A67-E66305F97F92}.Release|x86.Build.0 = Release|Any CPU
	EndGlobalSection
EndGlobal
